
Microsoft Visual Studio Solution File, Format Version 12.00
# Visual Studio Version 16
VisualStudioVersion = 16.0.31129.286
MinimumVisualStudioVersion = 10.0.40219.1
Project("{FAE04EC0-301F-11D3-BF4B-00C04F79EFBC}") = "VacationCalculator", "VacationCalculator\VacationCalculator.csproj", "{95787F3A-C2D3-4ADB-8296-8D7A1388AF73}"
EndProject
Global
	GlobalSection(SolutionConfigurationPlatforms) = preSolution
		Debug|Any CPU = Debug|Any CPU
		Release|Any CPU = Release|Any CPU
	EndGlobalSection
	GlobalSection(ProjectConfigurationPlatforms) = postSolution
		{95787F3A-C2D3-4ADB-8296-8D7A1388AF73}.Debug|Any CPU.ActiveCfg = Debug|Any CPU
		{95787F3A-C2D3-4ADB-8296-8D7A1388AF73}.Debug|Any CPU.Build.0 = Debug|Any CPU
		{95787F3A-C2D3-4ADB-8296-8D7A1388AF73}.Release|Any CPU.ActiveCfg = Release|Any CPU
		{95787F3A-C2D3-4ADB-8296-8D7A1388AF73}.Release|Any CPU.Build.0 = Release|Any CPU
	EndGlobalSection
	GlobalSection(SolutionProperties) = preSolution
		HideSolutionNode = FALSE
	EndGlobalSection
	GlobalSection(ExtensibilityGlobals) = postSolution
		SolutionGuid = {603E287E-8821-4735-9EB6-1E3BA21CB3CC}
	EndGlobalSection
EndGlobal
